
Microsoft Visual Studio Solution File, Format Version 12.00
# Visual Studio Version 16
VisualStudioVersion = 16.0.31729.503
MinimumVisualStudioVersion = 10.0.40219.1
Project("{FAE04EC0-301F-11D3-BF4B-00C04F79EFBC}") = "Estetica", "Estetica\Estetica.csproj", "{F7BBABB9-5F5B-4F12-AD9C-AC374990A16A}"
EndProject
Global
	GlobalSection(SolutionConfigurationPlatforms) = preSolution
		Debug|Any CPU = Debug|Any CPU
		Release|Any CPU = Release|Any CPU
	EndGlobalSection
	GlobalSection(ProjectConfigurationPlatforms) = postSolution
		{F7BBABB9-5F5B-4F12-AD9C-AC374990A16A}.Debug|Any CPU.ActiveCfg = Debug|Any CPU
		{F7BBABB9-5F5B-4F12-AD9C-AC374990A16A}.Debug|Any CPU.Build.0 = Debug|Any CPU
		{F7BBABB9-5F5B-4F12-AD9C-AC374990A16A}.Release|Any CPU.ActiveCfg = Release|Any CPU
		{F7BBABB9-5F5B-4F12-AD9C-AC374990A16A}.Release|Any CPU.Build.0 = Release|Any CPU
	EndGlobalSection
	GlobalSection(SolutionProperties) = preSolution
		HideSolutionNode = FALSE
	EndGlobalSection
	GlobalSection(ExtensibilityGlobals) = postSolution
		SolutionGuid = {3E3B2C5D-6DE2-4740-8F51-BBC5BB3D84C9}
	EndGlobalSection
EndGlobal
